<?xml version="1.0" encoding="utf-8"?>
<Project ToolsVersion="4.0" xmlns="http://schemas.microsoft.com/developer/msbuild/2003">
  <ItemGroup>
    <Filter Include="KIR">
      <UniqueIdentifier>{efade2a2-d0d2-4404-b9b1-c35debe809c3}</UniqueIdentifier>
    </Filter>
    <Filter Include="KIR\AL">
      <UniqueIdentifier>{7c0798f7-9ac5-4bff-baf7-660557cc0f98}</UniqueIdentifier>
    </Filter>
    <Filter Include="KIR\hash">
      <UniqueIdentifier>{5a8fff51-73ca-48a1-95eb-3af14024b428}</UniqueIdentifier>
    </Filter>
    <Filter Include="Editor">
      <UniqueIdentifier>{2f61702d-874c-460a-a916-0f69859f09a7}</UniqueIdentifier>
    </Filter>
    <Filter Include="KIR\sys">
      <UniqueIdentifier>{ccee2d79-7bf1-475e-b111-bcaafb10d5c9}</UniqueIdentifier>
    </Filter>
    <Filter Include="Resource">
      <UniqueIdentifier>{567d3eab-a73d-4653-8472-c75e39c8d498}</UniqueIdentifier>
    </Filter>
    <Filter Include="Resource\Containers">
      <UniqueIdentifier>{c99fbe85-cd89-44fb-a8e5-8855e0b8f5a5}</UniqueIdentifier>
    </Filter>
    <Filter Include="Resource\Tools">
      <UniqueIdentifier>{c40b5c9f-17b7-454a-8138-a9d94fc6fbf2}</UniqueIdentifier>
    </Filter>
    <Filter Include="UI">
      <UniqueIdentifier>{cb7e819e-8b07-46b2-b050-b6f4acd35bed}</UniqueIdentifier>
    </Filter>
    <Filter Include="Resource\Containers\World">
      <UniqueIdentifier>{940e71f2-170a-4ea9-a8a6-6dbf6387be8f}</UniqueIdentifier>
    </Filter>
    <Filter Include="Tools">
      <UniqueIdentifier>{a37f369d-646c-4be7-8718-5bcf9e291451}</UniqueIdentifier>
    </Filter>
    <Filter Include="Resource\Containers\Controller">
      <UniqueIdentifier>{d9256992-e71d-448d-b263-b25f1f6a02d8}</UniqueIdentifier>
    </Filter>
    <Filter Include="Resource\Containers\Controller\RngController">
      <UniqueIdentifier>{c17938b7-4332-42cb-96b9-d086a8f153dc}</UniqueIdentifier>
    </Filter>
    <Filter Include="Resource\Containers\Controller\KeyboardController">
      <UniqueIdentifier>{cde33a71-709d-4148-8465-43d77f8a9ecd}</UniqueIdentifier>
    </Filter>
    <Filter Include="UI\Tools">
      <UniqueIdentifier>{f694de21-13a8-4f73-872e-5a2f3bd8c2fc}</UniqueIdentifier>
    </Filter>
    <Filter Include="Resource\Containers\Controller\Validator">
      <UniqueIdentifier>{a8e99d7a-4154-4f2c-9bbf-dd7f0fd41daa}</UniqueIdentifier>
    </Filter>
    <Filter Include="Multitest">
      <UniqueIdentifier>{b485f11e-4826-4e8f-b86c-3e72eecf7886}</UniqueIdentifier>
    </Filter>
    <Filter Include="Scene">
      <UniqueIdentifier>{eba58788-6e07-4b82-bc5e-975a9a053925}</UniqueIdentifier>
    </Filter>
    <Filter Include="Scene\Module">
      <UniqueIdentifier>{9fcba180-6f41-4a8f-9b82-ec4fd72fdc09}</UniqueIdentifier>
    </Filter>
    <Filter Include="Editor\Scene">
      <UniqueIdentifier>{8e4dc34f-f4df-41f8-a800-abaabaa0c7ce}</UniqueIdentifier>
    </Filter>
    <Filter Include="Objects">
      <UniqueIdentifier>{0d116c3f-2883-4b16-bf4e-86f117a69e07}</UniqueIdentifier>
    </Filter>
    <Filter Include="Objects\Object">
      <UniqueIdentifier>{235e98bc-5612-44bb-9918-495c76559440}</UniqueIdentifier>
    </Filter>
    <Filter Include="Objects\Object\Module">
      <UniqueIdentifier>{260c4458-3d36-4744-8e22-4d01544c6823}</UniqueIdentifier>
    </Filter>
    <Filter Include="Scene\background">
      <UniqueIdentifier>{bd718035-2bb9-4b6e-bbde-b602f3ba6915}</UniqueIdentifier>
    </Filter>
    <Filter Include="KIR\stream">
      <UniqueIdentifier>{efeb9280-4fcb-4ccf-ab0a-a6eed29b5f23}</UniqueIdentifier>
    </Filter>
  </ItemGroup>
  <ItemGroup>
    <ClCompile Include="SceneDrawer.hpp">
      <Filter>Scene</Filter>
    </ClCompile>
    <ClCompile Include="StatusBar.cpp">
      <Filter>Scene</Filter>
    </ClCompile>
    <ClCompile Include="BaseFunctions.cpp">
      <Filter>Objects</Filter>
    </ClCompile>
    <ClCompile Include="Bedrock.cpp">
      <Filter>Objects</Filter>
    </ClCompile>
    <ClCompile Include="Space.cpp">
      <Filter>Objects</Filter>
    </ClCompile>
    <ClCompile Include="Objects.cpp">
      <Filter>Objects</Filter>
    </ClCompile>
    <ClCompile Include="Murphy.cpp">
      <Filter>Objects</Filter>
    </ClCompile>
    <ClCompile Include="EditorMainEvent.cpp">
      <Filter>Editor</Filter>
    </ClCompile>
    <ClCompile Include="SceneConfiguration.cpp">
      <Filter>Scene</Filter>
    </ClCompile>
    <ClCompile Include="SceneBlock.hpp">
      <Filter>Scene</Filter>
    </ClCompile>
    <ClCompile Include="EditorWorld.cpp">
      <Filter>Editor</Filter>
    </ClCompile>
    <ClCompile Include="$(KIRLIB)\KIR4\source\KIR4_time.cpp">
      <Filter>KIR</Filter>
    </ClCompile>
    <ClCompile Include="$(KIRLIB)\KIR4\source\KIR4_console.cpp">
      <Filter>KIR</Filter>
    </ClCompile>
    <ClCompile Include="$(KIRLIB)\KIR4\source\KIR4_algorithm.cpp">
      <Filter>KIR</Filter>
    </ClCompile>
    <ClCompile Include="Tools.cpp">
      <Filter>Tools</Filter>
    </ClCompile>
    <ClCompile Include="$(KIRLIB)\KIR5\source\hash\KIR5_md5.cpp">
      <Filter>KIR\hash</Filter>
    </ClCompile>
    <ClCompile Include="$(KIRLIB)\KIR5\source\hash\KIR5_sha512.cpp">
      <Filter>KIR\hash</Filter>
    </ClCompile>
    <ClCompile Include="$(KIRLIB)\KIR5\source\AL\KIR5_bitmap.cpp">
      <Filter>KIR\AL</Filter>
    </ClCompile>
    <ClCompile Include="$(KIRLIB)\KIR5\source\AL\KIR5_bitmap_target.cpp">
      <Filter>KIR\AL</Filter>
    </ClCompile>
    <ClCompile Include="$(KIRLIB)\KIR5\source\AL\KIR5_clipping_rectangle.cpp">
      <Filter>KIR\AL</Filter>
    </ClCompile>
    <ClCompile Include="$(KIRLIB)\KIR5\source\AL\KIR5_color.cpp">
      <Filter>KIR\AL</Filter>
    </ClCompile>
    <ClCompile Include="$(KIRLIB)\KIR5\source\AL\KIR5_display.cpp">
      <Filter>KIR\AL</Filter>
    </ClCompile>
    <ClCompile Include="$(KIRLIB)\KIR5\source\AL\KIR5_event.cpp">
      <Filter>KIR\AL</Filter>
    </ClCompile>
    <ClCompile Include="$(KIRLIB)\KIR5\source\AL\KIR5_event_engine.cpp">
      <Filter>KIR\AL</Filter>
    </ClCompile>
    <ClCompile Include="$(KIRLIB)\KIR5\source\AL\KIR5_font.cpp">
      <Filter>KIR\AL</Filter>
    </ClCompile>
    <ClCompile Include="$(KIRLIB)\KIR5\source\AL\KIR5_main.cpp">
      <Filter>KIR\AL</Filter>
    </ClCompile>
    <ClCompile Include="$(KIRLIB)\KIR5\source\AL\KIR5_panel.cpp">
      <Filter>KIR\AL</Filter>
    </ClCompile>
    <ClCompile Include="$(KIRLIB)\KIR5\source\AL\KIR5_panel_tools.cpp">
      <Filter>KIR\AL</Filter>
    </ClCompile>
    <ClCompile Include="$(KIRLIB)\KIR5\source\AL\KIR5_scroll_bar.cpp">
      <Filter>KIR\AL</Filter>
    </ClCompile>
    <ClCompile Include="$(KIRLIB)\KIR5\source\AL\KIR5_base.cpp">
      <Filter>KIR\AL</Filter>
    </ClCompile>
    <ClCompile Include="EditorMiniMap.cpp">
      <Filter>Editor</Filter>
    </ClCompile>
    <ClCompile Include="EditorControlPanel.cpp">
      <Filter>Editor</Filter>
    </ClCompile>
    <ClCompile Include="EditorObjects.cpp">
      <Filter>Editor</Filter>
    </ClCompile>
    <ClCompile Include="$(KIRLIB)\KIR5\source\sys\KIR5_files.cpp">
      <Filter>KIR\sys</Filter>
    </ClCompile>
    <ClCompile Include="$(KIRLIB)\KIR5\source\sys\KIR5_system.cpp">
      <Filter>KIR\sys</Filter>
    </ClCompile>
    <ClCompile Include="EditorSaveWorldDialog.cpp">
      <Filter>Editor</Filter>
    </ClCompile>
    <ClCompile Include="KeyboardController.cpp">
      <Filter>Resource\Containers\Controller\KeyboardController</Filter>
    </ClCompile>
    <ClCompile Include="RngController.cpp">
      <Filter>Resource\Containers\Controller\RngController</Filter>
    </ClCompile>
    <ClCompile Include="LoopControllInterface.cpp">
      <Filter>Resource\Containers\Controller</Filter>
    </ClCompile>
    <ClCompile Include="Logger.cpp">
      <Filter>Resource\Containers\Controller</Filter>
    </ClCompile>
    <ClCompile Include="Account.cpp">
      <Filter>Resource\Containers</Filter>
    </ClCompile>
    <ClCompile Include="Hash.cpp">
      <Filter>Resource\Tools</Filter>
    </ClCompile>
    <ClCompile Include="Crypto.cpp">
      <Filter>Resource\Tools</Filter>
    </ClCompile>
    <ClCompile Include="Bitmap.cpp">
      <Filter>Resource\Containers</Filter>
    </ClCompile>
    <ClCompile Include="Font.cpp">
      <Filter>Resource\Containers</Filter>
    </ClCompile>
    <ClCompile Include="Record.h">
      <Filter>Resource\Tools</Filter>
    </ClCompile>
    <ClCompile Include="World.cpp">
      <Filter>Resource\Containers\World</Filter>
    </ClCompile>
    <ClCompile Include="BluePrint.cpp">
      <Filter>Resource\Containers\World</Filter>
    </ClCompile>
    <ClCompile Include="Resource.cpp">
      <Filter>Resource</Filter>
    </ClCompile>
    <ClCompile Include="MainEvent.cpp">
      <Filter>UI</Filter>
    </ClCompile>
    <ClCompile Include="BlueprintPanel.cpp">
      <Filter>UI\Tools</Filter>
    </ClCompile>
    <ClCompile Include="UItools.cpp">
      <Filter>UI\Tools</Filter>
    </ClCompile>
    <ClCompile Include="main.cpp" />
    <ClCompile Include="Cursor.cpp">
      <Filter>UI\Tools</Filter>
    </ClCompile>
    <ClCompile Include="MapList.cpp">
      <Filter>UI</Filter>
    </ClCompile>
    <ClCompile Include="$(KIRLIB)\KIR5\source\AL\KIR5_blender.cpp">
      <Filter>KIR\AL</Filter>
    </ClCompile>
    <ClCompile Include="Worlds.cpp">
      <Filter>Resource\Containers\World</Filter>
    </ClCompile>
    <ClCompile Include="Validator.cpp">
      <Filter>Resource\Containers\Controller\Validator</Filter>
    </ClCompile>
    <ClCompile Include="TestMainEvent.cpp">
      <Filter>Multitest</Filter>
    </ClCompile>
    <ClCompile Include="EditorScene.cpp">
      <Filter>Editor\Scene</Filter>
    </ClCompile>
    <ClCompile Include="Object.cpp">
      <Filter>Objects\Object</Filter>
    </ClCompile>
    <ClCompile Include="ObjectActions.hpp">
      <Filter>Objects\Object\Module</Filter>
    </ClCompile>
    <ClCompile Include="ObjectEvents.hpp">
      <Filter>Objects\Object\Module</Filter>
    </ClCompile>
    <ClCompile Include="ObjectRequests.hpp">
      <Filter>Objects\Object\Module</Filter>
    </ClCompile>
    <ClCompile Include="ObjectBase.hpp">
      <Filter>Objects\Object\Module</Filter>
    </ClCompile>
    <ClCompile Include="ObjectHitAction.hpp">
      <Filter>Objects\Object\Module</Filter>
    </ClCompile>
    <ClCompile Include="ObjectStack.hpp">
      <Filter>Objects\Object\Module</Filter>
    </ClCompile>
    <ClCompile Include="ObjectExecute.hpp">
      <Filter>Objects\Object\Module</Filter>
    </ClCompile>
    <ClCompile Include="ObjectMove.hpp">
      <Filter>Objects\Object\Module</Filter>
    </ClCompile>
    <ClCompile Include="ObjectRotate.hpp">
      <Filter>Objects\Object\Module</Filter>
    </ClCompile>
    <ClCompile Include="ObjectCoord.hpp">
      <Filter>Objects\Object\Module</Filter>
    </ClCompile>
    <ClCompile Include="ObjectFlags.hpp">
      <Filter>Objects\Object\Module</Filter>
    </ClCompile>
    <ClCompile Include="ObjectDraw.hpp">
      <Filter>Objects\Object\Module</Filter>
    </ClCompile>
    <ClCompile Include="OriginalObjects.cpp">
      <Filter>Objects</Filter>
    </ClCompile>
    <ClCompile Include="SceneBackground.cpp">
      <Filter>Scene\background</Filter>
    </ClCompile>
    <ClCompile Include="$(KIRLIB)\KIR5\source\stream\KIR5_dynamic_stream.cpp">
      <Filter>KIR\stream</Filter>
    </ClCompile>
    <ClCompile Include="$(KIRLIB)\KIR5\source\stream\KIR5_ring_stream.cpp">
      <Filter>KIR\stream</Filter>
    </ClCompile>
    <ClCompile Include="$(KIRLIB)\KIR5\source\stream\KIR5_static_stream.cpp">
      <Filter>KIR\stream</Filter>
    </ClCompile>
  </ItemGroup>
  <ItemGroup>
    <ClInclude Include="Bedrock.h">
      <Filter>Objects</Filter>
    </ClInclude>
    <ClInclude Include="Space.h">
      <Filter>Objects</Filter>
    </ClInclude>
    <ClInclude Include="Murphy.h">
      <Filter>Objects</Filter>
    </ClInclude>
    <ClInclude Include="StatusBar.h">
      <Filter>Scene</Filter>
    </ClInclude>
    <ClInclude Include="SceneDrawer.h">
      <Filter>Scene</Filter>
    </ClInclude>
    <ClInclude Include="Types.h">
      <Filter>Tools</Filter>
    </ClInclude>
    <ClInclude Include="Objects.h">
      <Filter>Objects</Filter>
    </ClInclude>
    <ClInclude Include="BaseFunctions.h">
      <Filter>Objects</Filter>
    </ClInclude>
    <ClInclude Include="OriginalObjects.h">
      <Filter>Objects</Filter>
    </ClInclude>
    <ClInclude Include="Matrix.h">
      <Filter>Tools</Filter>
    </ClInclude>
    <ClInclude Include="EditorMainEvent.h">
      <Filter>Editor</Filter>
    </ClInclude>
    <ClInclude Include="SceneConfiguration.h">
      <Filter>Scene</Filter>
    </ClInclude>
    <ClInclude Include="IDreg.h">
      <Filter>Objects</Filter>
    </ClInclude>
    <ClInclude Include="SceneBlock.h">
      <Filter>Scene</Filter>
    </ClInclude>
    <ClInclude Include="EditorWorld.h">
      <Filter>Editor</Filter>
    </ClInclude>
    <ClInclude Include="Tools.h">
      <Filter>Tools</Filter>
    </ClInclude>
    <ClInclude Include="EditorMiniMap.h">
      <Filter>Editor</Filter>
    </ClInclude>
    <ClInclude Include="EditorControlPanel.h">
      <Filter>Editor</Filter>
    </ClInclude>
    <ClInclude Include="EditorObjects.h">
      <Filter>Editor</Filter>
    </ClInclude>
    <ClInclude Include="EditorSaveWorldDialog.h">
      <Filter>Editor</Filter>
    </ClInclude>
    <ClInclude Include="KeyboardController.h">
      <Filter>Resource\Containers\Controller\KeyboardController</Filter>
    </ClInclude>
    <ClInclude Include="RngController.h">
      <Filter>Resource\Containers\Controller\RngController</Filter>
    </ClInclude>
    <ClInclude Include="LoopControllInterface.h">
      <Filter>Resource\Containers\Controller</Filter>
    </ClInclude>
    <ClInclude Include="Logger.h">
      <Filter>Resource\Containers\Controller</Filter>
    </ClInclude>
    <ClInclude Include="Account.h">
      <Filter>Resource\Containers</Filter>
    </ClInclude>
    <ClInclude Include="Hash.h">
      <Filter>Resource\Tools</Filter>
    </ClInclude>
    <ClInclude Include="Crypto.h">
      <Filter>Resource\Tools</Filter>
    </ClInclude>
    <ClInclude Include="Bitmap.h">
      <Filter>Resource\Containers</Filter>
    </ClInclude>
    <ClInclude Include="Font.h">
      <Filter>Resource\Containers</Filter>
    </ClInclude>
    <ClInclude Include="World.h">
      <Filter>Resource\Containers\World</Filter>
    </ClInclude>
    <ClInclude Include="BluePrint.h">
      <Filter>Resource\Containers\World</Filter>
    </ClInclude>
    <ClInclude Include="Resource.h">
      <Filter>Resource</Filter>
    </ClInclude>
    <ClInclude Include="BinaryResource.hpp">
      <Filter>Resource</Filter>
    </ClInclude>
    <ClInclude Include="MainEvent.h">
      <Filter>UI</Filter>
    </ClInclude>
    <ClInclude Include="BlueprintPanel.h">
      <Filter>UI\Tools</Filter>
    </ClInclude>
    <ClInclude Include="UItools.h">
      <Filter>UI\Tools</Filter>
    </ClInclude>
    <ClInclude Include="Cursor.h">
      <Filter>UI\Tools</Filter>
    </ClInclude>
    <ClInclude Include="MapList.h">
      <Filter>UI</Filter>
    </ClInclude>
    <ClInclude Include="Worlds.h">
      <Filter>Resource\Containers\World</Filter>
    </ClInclude>
    <ClInclude Include="JsonResource.hpp">
      <Filter>Resource</Filter>
    </ClInclude>
    <ClInclude Include="Validator.h">
      <Filter>Resource\Containers\Controller\Validator</Filter>
    </ClInclude>
    <ClInclude Include="TestMainEvent.h">
      <Filter>Multitest</Filter>
    </ClInclude>
    <ClInclude Include="SceneField.h">
      <Filter>Scene\Module</Filter>
    </ClInclude>
    <ClInclude Include="SceneArt.h">
      <Filter>Scene\Module</Filter>
    </ClInclude>
    <ClInclude Include="SceneAction.h">
      <Filter>Scene\Module</Filter>
    </ClInclude>
    <ClInclude Include="SceneMurphy.h">
      <Filter>Scene\Module</Filter>
    </ClInclude>
    <ClInclude Include="SceneControl.h">
      <Filter>Scene\Module</Filter>
    </ClInclude>
    <ClInclude Include="EditorScene.h">
      <Filter>Editor\Scene</Filter>
    </ClInclude>
    <ClInclude Include="EditorSceneBlock.hpp">
      <Filter>Editor\Scene</Filter>
    </ClInclude>
    <ClInclude Include="EditorSceneBlock.h">
      <Filter>Editor\Scene</Filter>
    </ClInclude>
    <ClInclude Include="versions.h">
      <Filter>Tools</Filter>
    </ClInclude>
    <ClInclude Include="Object.h">
      <Filter>Objects\Object</Filter>
    </ClInclude>
    <ClInclude Include="ObjectActions.h">
      <Filter>Objects\Object\Module</Filter>
    </ClInclude>
    <ClInclude Include="ObjectEvents.h">
      <Filter>Objects\Object\Module</Filter>
    </ClInclude>
    <ClInclude Include="ObjectRequests.h">
      <Filter>Objects\Object\Module</Filter>
    </ClInclude>
    <ClInclude Include="ObjectBase.h">
      <Filter>Objects\Object\Module</Filter>
    </ClInclude>
    <ClInclude Include="ObjectHitAction.h">
      <Filter>Objects\Object\Module</Filter>
    </ClInclude>
    <ClInclude Include="ObjectStack.h">
      <Filter>Objects\Object\Module</Filter>
    </ClInclude>
    <ClInclude Include="ObjectExecute.h">
      <Filter>Objects\Object\Module</Filter>
    </ClInclude>
    <ClInclude Include="ObjectMove.h">
      <Filter>Objects\Object\Module</Filter>
    </ClInclude>
    <ClInclude Include="ObjectRotate.h">
      <Filter>Objects\Object\Module</Filter>
    </ClInclude>
    <ClInclude Include="ObjectCoord.h">
      <Filter>Objects\Object\Module</Filter>
    </ClInclude>
    <ClInclude Include="ObjectFlags.h">
      <Filter>Objects\Object\Module</Filter>
    </ClInclude>
    <ClInclude Include="ObjectDraw.h">
      <Filter>Objects\Object\Module</Filter>
    </ClInclude>
    <ClInclude Include="SceneBackground.h">
      <Filter>Scene\background</Filter>
    </ClInclude>
  </ItemGroup>
  <ItemGroup>
    <None Include="packages.config" />
  </ItemGroup>
</Project>